
Microsoft Visual Studio Solution File, Format Version 10.00
# Visual Studio 2008
Project("{8BC9CEB8-8B4A-11D0-8D11-00A0C91BC942}") = "ClientDemo3", "ClientDemo3.vcproj", "{BDEFC10B-9F4E-4454-A59D-C766C6EB8DFB}"
EndProject
Global
	GlobalSection(SolutionConfigurationPlatforms) = preSolution
		Debug|Win32 = Debug|Win32
		Release|Win32 = Release|Win32
	EndGlobalSection
	GlobalSection(ProjectConfigurationPlatforms) = postSolution
		{BDEFC10B-9F4E-4454-A59D-C766C6EB8DFB}.Debug|Win32.ActiveCfg = Debug|Win32
		{BDEFC10B-9F4E-4454-A59D-C766C6EB8DFB}.Debug|Win32.Build.0 = Debug|Win32
		{BDEFC10B-9F4E-4454-A59D-C766C6EB8DFB}.Release|Win32.ActiveCfg = Release|Win32
		{BDEFC10B-9F4E-4454-A59D-C766C6EB8DFB}.Release|Win32.Build.0 = Release|Win32
	EndGlobalSection
	GlobalSection(SolutionProperties) = preSolution
		HideSolutionNode = FALSE
	EndGlobalSection
EndGlobal
